
Microsoft Visual Studio Solution File, Format Version 12.00
# Visual Studio Version 16
VisualStudioVersion = 16.0.31424.327
MinimumVisualStudioVersion = 10.0.40219.1
Project("{FAE04EC0-301F-11D3-BF4B-00C04F79EFBC}") = "task1", "task1\task1.csproj", "{1169E316-E8D6-414A-A08A-89E6BA2DDE53}"
EndProject
Global
	GlobalSection(SolutionConfigurationPlatforms) = preSolution
		Debug|Any CPU = Debug|Any CPU
		Release|Any CPU = Release|Any CPU
	EndGlobalSection
	GlobalSection(ProjectConfigurationPlatforms) = postSolution
		{1169E316-E8D6-414A-A08A-89E6BA2DDE53}.Debug|Any CPU.ActiveCfg = Debug|Any CPU
		{1169E316-E8D6-414A-A08A-89E6BA2DDE53}.Debug|Any CPU.Build.0 = Debug|Any CPU
		{1169E316-E8D6-414A-A08A-89E6BA2DDE53}.Release|Any CPU.ActiveCfg = Release|Any CPU
		{1169E316-E8D6-414A-A08A-89E6BA2DDE53}.Release|Any CPU.Build.0 = Release|Any CPU
	EndGlobalSection
	GlobalSection(SolutionProperties) = preSolution
		HideSolutionNode = FALSE
	EndGlobalSection
	GlobalSection(ExtensibilityGlobals) = postSolution
		SolutionGuid = {6E06DD25-C48F-432B-A3B1-A04D6482B5B9}
	EndGlobalSection
EndGlobal
